
Microsoft Visual Studio Solution File, Format Version 12.00
# Visual Studio Version 17
VisualStudioVersion = 17.3.32929.385
MinimumVisualStudioVersion = 10.0.40219.1
Project("{9A19103F-16F7-4668-BE54-9A1E7A4F7556}") = "CsharpCodes.GenericCustomComparer", "GenericCustomValidator\CsharpCodes.GenericCustomComparer.csproj", "{040B231B-BEE8-4438-98B7-A768391E1973}"
EndProject
Project("{FAE04EC0-301F-11D3-BF4B-00C04F79EFBC}") = "CsharpCodes.Tests", "GenericCustomComparerTests\CsharpCodes.Tests.csproj", "{9070EAA9-DFD4-4DD2-88C2-F4D9E8501B4D}"
EndProject
Global
	GlobalSection(SolutionConfigurationPlatforms) = preSolution
		Debug|Any CPU = Debug|Any CPU
		Release|Any CPU = Release|Any CPU
	EndGlobalSection
	GlobalSection(ProjectConfigurationPlatforms) = postSolution
		{040B231B-BEE8-4438-98B7-A768391E1973}.Debug|Any CPU.ActiveCfg = Debug|Any CPU
		{040B231B-BEE8-4438-98B7-A768391E1973}.Debug|Any CPU.Build.0 = Debug|Any CPU
		{040B231B-BEE8-4438-98B7-A768391E1973}.Release|Any CPU.ActiveCfg = Release|Any CPU
		{040B231B-BEE8-4438-98B7-A768391E1973}.Release|Any CPU.Build.0 = Release|Any CPU
		{9070EAA9-DFD4-4DD2-88C2-F4D9E8501B4D}.Debug|Any CPU.ActiveCfg = Debug|Any CPU
		{9070EAA9-DFD4-4DD2-88C2-F4D9E8501B4D}.Debug|Any CPU.Build.0 = Debug|Any CPU
		{9070EAA9-DFD4-4DD2-88C2-F4D9E8501B4D}.Release|Any CPU.ActiveCfg = Release|Any CPU
		{9070EAA9-DFD4-4DD2-88C2-F4D9E8501B4D}.Release|Any CPU.Build.0 = Release|Any CPU
	EndGlobalSection
	GlobalSection(SolutionProperties) = preSolution
		HideSolutionNode = FALSE
	EndGlobalSection
	GlobalSection(ExtensibilityGlobals) = postSolution
		SolutionGuid = {661E26E4-7F22-427E-BAAA-09E667A98C5C}
	EndGlobalSection
EndGlobal
